<?xml version="1.0" encoding="utf-8"?>
<Project ToolsVersion="4.0" xmlns="http://schemas.microsoft.com/developer/msbuild/2003">
  <ItemGroup>
    <Filter Include="Source Files">
      <UniqueIdentifier>{ebab45b0-5eb5-4f2e-ada6-364c093cfc2a}</UniqueIdentifier>
      <Extensions>cpp;c;cxx;rc;def;r;odl;idl;hpj;bat</Extensions>
    </Filter>
    <Filter Include="Header Files">
      <UniqueIdentifier>{881486ec-2758-4232-8ca9-970e4ee84af7}</UniqueIdentifier>
      <Extensions>h;hpp;hxx;hm;inl</Extensions>
    </Filter>
    <Filter Include="lua scripts">
      <UniqueIdentifier>{feb77255-1502-4efb-aa11-2e96b0bba471}</UniqueIdentifier>
    </Filter>
    <Filter Include="Resource Files">
      <UniqueIdentifier>{a89f5196-1a1d-471f-8f9c-365502d6b42e}</UniqueIdentifier>
      <Extensions>ico;cur;bmp;dlg;rc2;rct;bin;rgs;gif;jpg;jpeg;jpe</Extensions>
    </Filter>
  </ItemGroup>
  <ItemGroup>
    <ClCompile Include="main.cpp">
      <Filter>Source Files</Filter>
    </ClCompile>
  </ItemGroup>
  <ItemGroup>
    <ClInclude Include="..\..\Common\lua-5.1.3\include\luahelperfunctions.h">
      <Filter>Header Files</Filter>
    </ClInclude>
    <ClInclude Include="..\..\Common\lua-5.1.3\include\OpenLuaStates.h">
      <Filter>Header Files</Filter>
    </ClInclude>
    <ClInclude Include="RockPaperScissors.h">
      <Filter>Header Files</Filter>
    </ClInclude>
  </ItemGroup>
  <ItemGroup>
    <None Include="Rock_Paper_Scissors_Using_C++_Funcs.lua">
      <Filter>lua scripts</Filter>
    </None>
  </ItemGroup>
</Project>