<?xml version="1.0" encoding="utf-8"?>
<Project ToolsVersion="4.0" xmlns="http://schemas.microsoft.com/developer/msbuild/2003">
  <ItemGroup>
    <Filter Include="Source Files">
      <UniqueIdentifier>{469f9830-bb97-4489-93df-c7843be16652}</UniqueIdentifier>
      <Extensions>cpp;c;cxx;rc;def;r;odl;idl;hpj;bat</Extensions>
    </Filter>
    <Filter Include="Header Files">
      <UniqueIdentifier>{14bc0703-71f8-489e-88c2-924aa25df90b}</UniqueIdentifier>
      <Extensions>h;hpp;hxx;hm;inl</Extensions>
    </Filter>
    <Filter Include="Resource Files">
      <UniqueIdentifier>{9452cc03-bdec-4b11-bc0a-5c8e578dea48}</UniqueIdentifier>
      <Extensions>ico;cur;bmp;dlg;rc2;rct;bin;rgs;gif;jpg;jpeg;jpe</Extensions>
    </Filter>
  </ItemGroup>
  <ItemGroup>
    <ClCompile Include="BaseGameEntity.cpp">
      <Filter>Source Files</Filter>
    </ClCompile>
    <ClCompile Include="main.cpp">
      <Filter>Source Files</Filter>
    </ClCompile>
    <ClCompile Include="Miner.cpp">
      <Filter>Source Files</Filter>
    </ClCompile>
    <ClCompile Include="MinerOwnedStates.cpp">
      <Filter>Source Files</Filter>
    </ClCompile>
    <ClCompile Include="MinersWife.cpp">
      <Filter>Source Files</Filter>
    </ClCompile>
    <ClCompile Include="MinersWifeOwnedStates.cpp">
      <Filter>Source Files</Filter>
    </ClCompile>
  </ItemGroup>
  <ItemGroup>
    <ClInclude Include="BaseGameEntity.h">
      <Filter>Header Files</Filter>
    </ClInclude>
    <ClInclude Include="EntityNames.h">
      <Filter>Header Files</Filter>
    </ClInclude>
    <ClInclude Include="Locations.h">
      <Filter>Header Files</Filter>
    </ClInclude>
    <ClInclude Include="Miner.h">
      <Filter>Header Files</Filter>
    </ClInclude>
    <ClInclude Include="MinerOwnedStates.h">
      <Filter>Header Files</Filter>
    </ClInclude>
    <ClInclude Include="MinersWife.h">
      <Filter>Header Files</Filter>
    </ClInclude>
    <ClInclude Include="MinersWifeOwnedStates.h">
      <Filter>Header Files</Filter>
    </ClInclude>
    <ClInclude Include="State.h">
      <Filter>Header Files</Filter>
    </ClInclude>
    <ClInclude Include="StateMachine.h">
      <Filter>Header Files</Filter>
    </ClInclude>
  </ItemGroup>
</Project>